
Microsoft Visual Studio Solution File, Format Version 12.00
# Visual Studio Version 16
VisualStudioVersion = 16.0.29123.88
MinimumVisualStudioVersion = 10.0.40219.1
Project("{9A19103F-16F7-4668-BE54-9A1E7A4F7556}") = "AzureFunctionHttpTriggerQueryBinding", "AzureFunctionHttpTriggerQueryBinding\AzureFunctionHttpTriggerQueryBinding.csproj", "{11BED0FE-D126-4711-A305-3E80E7E21C3F}"
EndProject
Project("{FAE04EC0-301F-11D3-BF4B-00C04F79EFBC}") = "DemoFunction", "DemoFunction\DemoFunction.csproj", "{D890265C-3824-42E3-8BC6-705BB387B44B}"
EndProject
Global
	GlobalSection(SolutionConfigurationPlatforms) = preSolution
		Debug|Any CPU = Debug|Any CPU
		Release|Any CPU = Release|Any CPU
	EndGlobalSection
	GlobalSection(ProjectConfigurationPlatforms) = postSolution
		{11BED0FE-D126-4711-A305-3E80E7E21C3F}.Debug|Any CPU.ActiveCfg = Debug|Any CPU
		{11BED0FE-D126-4711-A305-3E80E7E21C3F}.Debug|Any CPU.Build.0 = Debug|Any CPU
		{11BED0FE-D126-4711-A305-3E80E7E21C3F}.Release|Any CPU.ActiveCfg = Release|Any CPU
		{11BED0FE-D126-4711-A305-3E80E7E21C3F}.Release|Any CPU.Build.0 = Release|Any CPU
		{D890265C-3824-42E3-8BC6-705BB387B44B}.Debug|Any CPU.ActiveCfg = Debug|Any CPU
		{D890265C-3824-42E3-8BC6-705BB387B44B}.Debug|Any CPU.Build.0 = Debug|Any CPU
		{D890265C-3824-42E3-8BC6-705BB387B44B}.Release|Any CPU.ActiveCfg = Release|Any CPU
		{D890265C-3824-42E3-8BC6-705BB387B44B}.Release|Any CPU.Build.0 = Release|Any CPU
	EndGlobalSection
	GlobalSection(SolutionProperties) = preSolution
		HideSolutionNode = FALSE
	EndGlobalSection
	GlobalSection(ExtensibilityGlobals) = postSolution
		SolutionGuid = {851A9504-0B3E-446C-91D0-70FFF7E47C7C}
	EndGlobalSection
EndGlobal
